{
    "_meta": {
        "hash": {
            "sha256": "0604c04ba1a9feb3aa251aa31f7b2a047755ef8cb655db2dc4dc761ce79566d5"
        },
        "pipfile-spec": 6,
        "requires": {
            "python_version": "3.11.0"
        },
        "sources": [
            {
                "name": "pypi",
                "url": "https://pypi.org/simple",
                "verify_ssl": true
            }
        ]
    },
    "default": {
        "cffi": {
            "hashes": [
                "sha256:045d61c734659cc045141be4bae381a41d89b741f795af1dd018bfb532fd0df8",
                "sha256:0984a4925a435b1da406122d4d7968dd861c1385afe3b45ba82b750f229811e2",
                "sha256:0e2b1fac190ae3ebfe37b979cc1ce69c81f4e4fe5746bb401dca63a9062cdaf1",
                "sha256:0f048dcf80db46f0098ccac01132761580d28e28bc0f78ae0d58048063317e15",
                "sha256:1257bdabf294dceb59f5e70c64a3e2f462c30c7ad68092d01bbbfb1c16b1ba36",
                "sha256:1c39c6016c32bc48dd54561950ebd6836e1670f2ae46128f67cf49e789c52824",
                "sha256:1d599671f396c4723d016dbddb72fe8e0397082b0a77a4fab8028923bec050e8",
                "sha256:28b16024becceed8c6dfbc75629e27788d8a3f9030691a1dbf9821a128b22c36",
                "sha256:2bb1a08b8008b281856e5971307cc386a8e9c5b625ac297e853d36da6efe9c17",
                "sha256:30c5e0cb5ae493c04c8b42916e52ca38079f1b235c2f8ae5f4527b963c401caf",
                "sha256:31000ec67d4221a71bd3f67df918b1f88f676f1c3b535a7eb473255fdc0b83fc",
                "sha256:386c8bf53c502fff58903061338ce4f4950cbdcb23e2902d86c0f722b786bbe3",
                "sha256:3edc8d958eb099c634dace3c7e16560ae474aa3803a5df240542b305d14e14ed",
                "sha256:45398b671ac6d70e67da8e4224a065cec6a93541bb7aebe1b198a61b58c7b702",
                "sha256:46bf43160c1a35f7ec506d254e5c890f3c03648a4dbac12d624e4490a7046cd1",
                "sha256:4ceb10419a9adf4460ea14cfd6bc43d08701f0835e979bf821052f1805850fe8",
                "sha256:51392eae71afec0d0c8fb1a53b204dbb3bcabcb3c9b807eedf3e1e6ccf2de903",
                "sha256:5da5719280082ac6bd9aa7becb3938dc9f9cbd57fac7d2871717b1feb0902ab6",
                "sha256:610faea79c43e44c71e1ec53a554553fa22321b65fae24889706c0a84d4ad86d",
                "sha256:636062ea65bd0195bc012fea9321aca499c0504409f413dc88af450b57ffd03b",
                "sha256:6883e737d7d9e4899a8a695e00ec36bd4e5e4f18fabe0aca0efe0a4b44cdb13e",
                "sha256:6b8b4a92e1c65048ff98cfe1f735ef8f1ceb72e3d5f0c25fdb12087a23da22be",
                "sha256:6f17be4345073b0a7b8ea599688f692ac3ef23ce28e5df79c04de519dbc4912c",
                "sha256:706510fe141c86a69c8ddc029c7910003a17353970cff3b904ff0686a5927683",
                "sha256:72e72408cad3d5419375fc87d289076ee319835bdfa2caad331e377589aebba9",
                "sha256:733e99bc2df47476e3848417c5a4540522f234dfd4ef3ab7fafdf555b082ec0c",
                "sha256:7596d6620d3fa590f677e9ee430df2958d2d6d6de2feeae5b20e82c00b76fbf8",
                "sha256:78122be759c3f8a014ce010908ae03364d00a1f81ab5c7f4a7a5120607ea56e1",
                "sha256:805b4371bf7197c329fcb3ead37e710d1bca9da5d583f5073b799d5c5bd1eee4",
                "sha256:85a950a4ac9c359340d5963966e3e0a94a676bd6245a4b55bc43949eee26a655",
                "sha256:8f2cdc858323644ab277e9bb925ad72ae0e67f69e804f4898c070998d50b1a67",
                "sha256:9755e4345d1ec879e3849e62222a18c7174d65a6a92d5b346b1863912168b595",
                "sha256:98e3969bcff97cae1b2def8ba499ea3d6f31ddfdb7635374834cf89a1a08ecf0",
                "sha256:a08d7e755f8ed21095a310a693525137cfe756ce62d066e53f502a83dc550f65",
                "sha256:a1ed2dd2972641495a3ec98445e09766f077aee98a1c896dcb4ad0d303628e41",
                "sha256:a24ed04c8ffd54b0729c07cee15a81d964e6fee0e3d4d342a27b020d22959dc6",
                "sha256:a45e3c6913c5b87b3ff120dcdc03f6131fa0065027d0ed7ee6190736a74cd401",
                "sha256:a9b15d491f3ad5d692e11f6b71f7857e7835eb677955c00cc0aefcd0669adaf6",
                "sha256:ad9413ccdeda48c5afdae7e4fa2192157e991ff761e7ab8fdd8926f40b160cc3",
                "sha256:b2ab587605f4ba0bf81dc0cb08a41bd1c0a5906bd59243d56bad7668a6fc6c16",
                "sha256:b62ce867176a75d03a665bad002af8e6d54644fad99a3c70905c543130e39d93",
                "sha256:c03e868a0b3bc35839ba98e74211ed2b05d2119be4e8a0f224fba9384f1fe02e",
                "sha256:c59d6e989d07460165cc5ad3c61f9fd8f1b4796eacbd81cee78957842b834af4",
                "sha256:c7eac2ef9b63c79431bc4b25f1cd649d7f061a28808cbc6c47b534bd789ef964",
                "sha256:c9c3d058ebabb74db66e431095118094d06abf53284d9c81f27300d0e0d8bc7c",
                "sha256:ca74b8dbe6e8e8263c0ffd60277de77dcee6c837a3d0881d8c1ead7268c9e576",
                "sha256:caaf0640ef5f5517f49bc275eca1406b0ffa6aa184892812030f04c2abf589a0",
                "sha256:cdf5ce3acdfd1661132f2a9c19cac174758dc2352bfe37d98aa7512c6b7178b3",
                "sha256:d016c76bdd850f3c626af19b0542c9677ba156e4ee4fccfdd7848803533ef662",
                "sha256:d01b12eeeb4427d3110de311e1774046ad344f5b1a7403101878976ecd7a10f3",
                "sha256:d63afe322132c194cf832bfec0dc69a99fb9bb6bbd550f161a49e9e855cc78ff",
                "sha256:da95af8214998d77a98cc14e3a3bd00aa191526343078b530ceb0bd710fb48a5",
                "sha256:dd398dbc6773384a17fe0d3e7eeb8d1a21c2200473ee6806bb5e6a8e62bb73dd",
                "sha256:de2ea4b5833625383e464549fec1bc395c1bdeeb5f25c4a3a82b5a8c756ec22f",
                "sha256:de55b766c7aa2e2a3092c51e0483d700341182f08e67c63630d5b6f200bb28e5",
                "sha256:df8b1c11f177bc2313ec4b2d46baec87a5f3e71fc8b45dab2ee7cae86d9aba14",
                "sha256:e03eab0a8677fa80d646b5ddece1cbeaf556c313dcfac435ba11f107ba117b5d",
                "sha256:e221cf152cff04059d011ee126477f0d9588303eb57e88923578ace7baad17f9",
                "sha256:e31ae45bc2e29f6b2abd0de1cc3b9d5205aa847cafaecb8af1476a609a2f6eb7",
                "sha256:edae79245293e15384b51f88b00613ba9f7198016a5948b5dddf4917d4d26382",
                "sha256:f1e22e8c4419538cb197e4dd60acc919d7696e5ef98ee4da4e01d3f8cfa4cc5a",
                "sha256:f3a2b4222ce6b60e2e8b337bb9596923045681d71e5a082783484d845390938e",
                "sha256:f6a16c31041f09ead72d69f583767292f750d24913dadacf5756b966aacb3f1a",
                "sha256:f75c7ab1f9e4aca5414ed4d8e5c0e303a34f4421f8a0d47a4d019ceff0ab6af4",
                "sha256:f79fc4fc25f1c8698ff97788206bb3c2598949bfe0fef03d299eb1b5356ada99",
                "sha256:f7f5baafcc48261359e14bcd6d9bff6d4b28d9103847c9e136694cb0501aef87",
                "sha256:fc48c783f9c87e60831201f2cce7f3b2e4846bf4d8728eabe54d60700b318a0b"
            ],
            "markers": "python_version >= '3.8'",
            "version": "==1.17.1"
        },
        "pycparser": {
            "hashes": [
                "sha256:491c8be9c040f5390f5bf44a5b07752bd07f56edf992381b05c701439eec10f6",
                "sha256:c3702b6d3dd8c7abc1afa565d7e63d53a1d0bd86cdc24edd75470f4de499cfcc"
            ],
            "markers": "python_version >= '3.8'",
            "version": "==2.22"
        },
        "pyglet": {
            "hashes": [
                "sha256:18483880b1411b39692eaf7756819285797b1aaf9ef63d40eb9f9b5d01c63416",
                "sha256:52ef9e75f3969b6a28bfa5c223e50ff03a05c2baa67bfe00d2a9eec4e831a7c5"
            ],
            "index": "pypi",
            "markers": "python_version >= '3.8'",
            "version": "==2.1.6"
        },
        "pyglet-dragonbones": {
            "editable": true,
            "path": "./pyglet_dragonbones"
        },
        "pymunk": {
            "hashes": [
                "sha256:0575b0969262327972e246967bbe3654cf8c1d9e40ad809192ba59101de033e6",
                "sha256:093caf8b61bdee48f407ce69e692e25396a1f09d74ab6c4fa68a6ad669d81863",
                "sha256:0e45a1db00475ace714b961650ae92c0c6671fe8285bfb61892776e89ba6395a",
                "sha256:11db1f273cfd335a0e6bc52ff7512de8369a69cf03fd274606c3b41bac21f08e",
                "sha256:12998b247bd0bd2f4b2b48866e22923d7336bd6c6dfc4e389c9ccf1741a7f5dd",
                "sha256:12c739186207043fc8931db3e3d02824c40a1c3cfd0038bc7079cbd257e6dbab",
                "sha256:15b037818cdb39653d8e6e54a535481d70c503249b07f96a3a66a1fb47855dc0",
                "sha256:1801ee8308e70de690e3be5d42cb2737c7f02ccebf5621c67b4d025c9127b26e",
                "sha256:1822c8a39a3a1c4dffd5c2846c60cb221a16b1b3cd7b165e7927eee6ee979333",
                "sha256:1871b1cd80a087c10683105cde79b54498412d4ba4fdd26bcf7ae2c6a8710af3",
                "sha256:1917849f63e1f699df21d6a1f5d1c250adddbae25e9c124f0bed765154c94ef8",
                "sha256:2a2022f2150025ae01709f07c33254c3ee189c95a9c6b40210277975a6d0929f",
                "sha256:2ce2cbf50e9361c98b975d54db5b491b1910e91b391e9e9991de303ee4fbc07a",
                "sha256:2fcb874a48499951a363950030d0499901e7d251015c5924b3a13708cd86dfed",
                "sha256:2fe6e2aca02c4d1971481774c96fd39d3db69628a6e3d7d67f1b612776937036",
                "sha256:32d7658f10a26fa5e500e5b19e036e5c01f0a27b92e8eb34e3d06af21112e6ae",
                "sha256:34b280215884882d80cc3e3afda919bfb1c279ae9f140b9f4c3a1593f9c932a2",
                "sha256:41207288644e23acb8245c4a6972abfe7c2813cbab2752cf2347ac4cfaacd334",
                "sha256:449157a88336326c7c59208e8d9eb2c3929ae330a8f303a30c62f4b57f6411df",
                "sha256:4a35da309951638678ed3ab86e58a46844bb132c3a2966a649493c04ec9585d1",
                "sha256:64e62c47c9e1743f7328eacfb9160284c071442f31a76d03005fdb9c8a648021",
                "sha256:67c12fe2952a01dfab6c7f93a148bdc98bfdb1a3ff956b4f7db6bf8ba2be07a5",
                "sha256:6acbe0153ad1bc26119da1ce847f35dace19a6be653a28c06b37e5eff4ba58d0",
                "sha256:6be043299fa8c7ffaaca419f73e7c3fd72985d120a12584bd48da935291830bd",
                "sha256:7773ee2c5c9661e7a1160105eaa32791669654bdb7dfd049cea66a9a9b822ebd",
                "sha256:85b8e875d8fbc343a849548f735bbbf8756cf5d9c6ca7af24dbfed0ea6473433",
                "sha256:85e46a518cc63ceb6d0b10e6b090844b111e84d89dac5b2d646c345db3dba099",
                "sha256:86f8cdccea02766cbaf270f4aa952350686bd24a6b1d5c1f74e18126d0ba14af",
                "sha256:899340bbfdbd35a809a37714d6167ac7162dea07253c0126083d50be7e78db44",
                "sha256:89a8e7f5493e3a3faa73b5ad9bb0dd0f04d717c10bcfe4097142b4e71b95146e",
                "sha256:a05b8ace0230262904cfa04ccfeeaf4ac9bcb0c2a1217d2a5aa0854f4ee07a8d",
                "sha256:a5da5638b63f83517b8b7f9e9df9b957dacceb5ca236fbc0ac6b1fec620ad2f1",
                "sha256:ac35e4852660f2cc9071211ffced7bae770343d3b183b3c0261ef0af7fd4acd1",
                "sha256:ac3ffc5f8c027905a2ba3d1d57f9df0da1bf8e0d9ae736c0edeac4b2ca57849d",
                "sha256:b397e2270c5fc9085ae2bf91a0f54e01889bd644aaad0a5ab1f7659a1bafd837",
                "sha256:b74590e0c5635e15057b73013954ee9261350c2f959aaffc67abdd52d12d8cf8",
                "sha256:b98a3a64afc74346424614bc95889b005f1efa8dc21984a5f7c01792de21528d",
                "sha256:bde2b2f655d5762e8e05688f28e8cd3965c2e63e4f161cb996a6433008215a56",
                "sha256:c2e591039868698a4d8e212a2114f5ce2fc35ce963611ca097a3ad37b666603b",
                "sha256:c44e9252fd05eee48f76454764a57d102524cd012849e427c617740d7108d105",
                "sha256:c48fa7792429c8bc5559dcf5c054af017615fef7f06cfa370507e4a4788928a3",
                "sha256:c69554eb3536172d98de28f3842597ec36f98b872edc1a424c27dbe16e02e947",
                "sha256:c7751acee225d180fb65be7a6a9d14fb34b07c0fc552c00bac89f7823a595bc9",
                "sha256:d0a39df2010f223ae056ffb8d61f40ea09144ec32fca839351fff76b88d6a0e4",
                "sha256:d4ddd1443aec3a1c125c3e360bb5c84597dda1e136dbb99daf9a1dd80b523d71",
                "sha256:d9eeeaf472206dbce79c39c16cea2384d6729bbeeae9a37cf89f7af1966d083e",
                "sha256:dc3216eda378fc190356b2b0be8d92a179b084dbc09ac6e8a541eb8b8b7cb28f",
                "sha256:de6bc2cb91e1840c6fff064658b1763117918a1c5762c3170087e7b6f6c6fb77",
                "sha256:e5477d98a0fec0eed467aa3b4f354f8c11883e4ae043de8d8aa42892489d2300",
                "sha256:e5639c44b02f14a8207e9614e2cee02b18d783443189344c8cf8886f658baa49",
                "sha256:e63c59f4194468c741b1cecbd550c59d3d297ce977159d524fd858a40edb01e3",
                "sha256:e9695b1d54649f08f6b2f1fb3648352db2a8761ad85b944da8beaa3fd1bbd8a1",
                "sha256:eddafa86772af09c6ad820e5d128b994cc7200fc269c44d84b10d697dd073911",
                "sha256:edfc298d4697fdf2fe2e1b1caa9bb3a882c28c5f13ab72baeb30467a221e38d8",
                "sha256:ee8fd001cdcb3996defaea20e90b513d93b8d4c870e274a99c39c284ee420976",
                "sha256:f2a8a0833874f9eb0c7b390c7f0348068f8f3ecfe3057e79ca19afebc74bb407",
                "sha256:f2aa9488c4c47446eacf6af1adfec28a3022192eb87e3e0b7cd3ffb0e49f35f4",
                "sha256:f747f26177c74ea9c5883bc702ae4b6096c65e50d18306596de5e8e15179f113",
                "sha256:fc914a22395683197de4c433d42ad5882383b3d47d7dd8694f93bbbcd4b111e6"
            ],
            "index": "pypi",
            "markers": "python_version >= '3.8'",
            "version": "==6.11.1"
        },
        "pytiling": {
            "editable": true,
            "path": "./pytiling"
        }
    },
    "develop": {}
}
